
Microsoft Visual Studio Solution File, Format Version 12.00
# Visual Studio for Mac
Project("{FAE04EC0-301F-11D3-BF4B-00C04F79EFBC}") = "Assembly-CSharp-firstpass", "Assembly-CSharp-firstpass.csproj", "{5761C4F9-465C-37BF-8F31-D2E320217628}"
EndProject
Project("{FAE04EC0-301F-11D3-BF4B-00C04F79EFBC}") = "Assembly-CSharp", "Assembly-CSharp.csproj", "{4590AD45-7A54-ED5E-5ACC-B98C58068730}"
EndProject
Project("{FAE04EC0-301F-11D3-BF4B-00C04F79EFBC}") = "MacBLAS", "MacBLAS.csproj", "{7C121372-F6AD-AB60-AC7C-92E126F4D542}"
EndProject
Project("{FAE04EC0-301F-11D3-BF4B-00C04F79EFBC}") = "iOSBLAS", "iOSBLAS.csproj", "{03112D22-B746-0792-3D71-051D5002266B}"
EndProject
Project("{FAE04EC0-301F-11D3-BF4B-00C04F79EFBC}") = "Assembly-CSharp-Editor", "Assembly-CSharp-Editor.csproj", "{F77E7BBD-F6AA-8E06-0809-778778091CE3}"
EndProject
Project("{FAE04EC0-301F-11D3-BF4B-00C04F79EFBC}") = "Assembly-CSharp-Editor-firstpass", "Assembly-CSharp-Editor-firstpass.csproj", "{D0A818B3-3D71-62CC-4683-8E8663D6077B}"
EndProject
Global
	GlobalSection(SolutionConfigurationPlatforms) = preSolution
		Debug|Any CPU = Debug|Any CPU
		Release|Any CPU = Release|Any CPU
	EndGlobalSection
	GlobalSection(ProjectConfigurationPlatforms) = postSolution
		{5761C4F9-465C-37BF-8F31-D2E320217628}.Debug|Any CPU.ActiveCfg = Debug|Any CPU
		{5761C4F9-465C-37BF-8F31-D2E320217628}.Debug|Any CPU.Build.0 = Debug|Any CPU
		{5761C4F9-465C-37BF-8F31-D2E320217628}.Release|Any CPU.ActiveCfg = Release|Any CPU
		{5761C4F9-465C-37BF-8F31-D2E320217628}.Release|Any CPU.Build.0 = Release|Any CPU
		{4590AD45-7A54-ED5E-5ACC-B98C58068730}.Debug|Any CPU.ActiveCfg = Debug|Any CPU
		{4590AD45-7A54-ED5E-5ACC-B98C58068730}.Debug|Any CPU.Build.0 = Debug|Any CPU
		{4590AD45-7A54-ED5E-5ACC-B98C58068730}.Release|Any CPU.ActiveCfg = Release|Any CPU
		{4590AD45-7A54-ED5E-5ACC-B98C58068730}.Release|Any CPU.Build.0 = Release|Any CPU
		{7C121372-F6AD-AB60-AC7C-92E126F4D542}.Debug|Any CPU.ActiveCfg = Debug|Any CPU
		{7C121372-F6AD-AB60-AC7C-92E126F4D542}.Debug|Any CPU.Build.0 = Debug|Any CPU
		{7C121372-F6AD-AB60-AC7C-92E126F4D542}.Release|Any CPU.ActiveCfg = Release|Any CPU
		{7C121372-F6AD-AB60-AC7C-92E126F4D542}.Release|Any CPU.Build.0 = Release|Any CPU
		{03112D22-B746-0792-3D71-051D5002266B}.Debug|Any CPU.ActiveCfg = Debug|Any CPU
		{03112D22-B746-0792-3D71-051D5002266B}.Debug|Any CPU.Build.0 = Debug|Any CPU
		{03112D22-B746-0792-3D71-051D5002266B}.Release|Any CPU.ActiveCfg = Release|Any CPU
		{03112D22-B746-0792-3D71-051D5002266B}.Release|Any CPU.Build.0 = Release|Any CPU
		{F77E7BBD-F6AA-8E06-0809-778778091CE3}.Debug|Any CPU.ActiveCfg = Debug|Any CPU
		{F77E7BBD-F6AA-8E06-0809-778778091CE3}.Debug|Any CPU.Build.0 = Debug|Any CPU
		{F77E7BBD-F6AA-8E06-0809-778778091CE3}.Release|Any CPU.ActiveCfg = Release|Any CPU
		{F77E7BBD-F6AA-8E06-0809-778778091CE3}.Release|Any CPU.Build.0 = Release|Any CPU
		{D0A818B3-3D71-62CC-4683-8E8663D6077B}.Debug|Any CPU.ActiveCfg = Debug|Any CPU
		{D0A818B3-3D71-62CC-4683-8E8663D6077B}.Debug|Any CPU.Build.0 = Debug|Any CPU
		{D0A818B3-3D71-62CC-4683-8E8663D6077B}.Release|Any CPU.ActiveCfg = Release|Any CPU
		{D0A818B3-3D71-62CC-4683-8E8663D6077B}.Release|Any CPU.Build.0 = Release|Any CPU
	EndGlobalSection
	GlobalSection(SolutionProperties) = preSolution
		HideSolutionNode = FALSE
	EndGlobalSection
EndGlobal
